
Microsoft Visual Studio Solution File, Format Version 12.00
# Visual Studio Version 17
VisualStudioVersion = 17.3.32811.315
MinimumVisualStudioVersion = 10.0.40219.1
Project("{FAE04EC0-301F-11D3-BF4B-00C04F79EFBC}") = "Progression", "Progression\Progression.csproj", "{C7C3AE76-5385-4FCC-B89C-88205DFE26C7}"
EndProject
Project("{FAE04EC0-301F-11D3-BF4B-00C04F79EFBC}") = "ServerSync", "ServerSync\ServerSync.csproj", "{E16C3332-50B4-4DA6-9E8A-A590C4E5CD49}"
EndProject
Project("{FAE04EC0-301F-11D3-BF4B-00C04F79EFBC}") = "LogoutTweaks", "LogoutTweaks\LogoutTweaks.csproj", "{D19D40C6-9069-40E0-823D-ACEDD32A7821}"
EndProject
Project("{FAE04EC0-301F-11D3-BF4B-00C04F79EFBC}") = "NoSeasonalRestrictions", "NoSeasonalRestrictions\NoSeasonalRestrictions.csproj", "{4DAFB458-BCCC-4956-B374-4B5AFA7F762C}"
EndProject
Project("{FAE04EC0-301F-11D3-BF4B-00C04F79EFBC}") = "MultiplayerTweaks", "MultiplayerTweaks\MultiplayerTweaks.csproj", "{18EFA4BF-41BC-4ABE-916B-34F034DD5DCE}"
EndProject
Project("{9A19103F-16F7-4668-BE54-9A1E7A4F7556}") = "ProgressionTests2", "ProgressionTests2\ProgressionTests2.csproj", "{EED143CE-BC4A-4512-AC7F-DFDF78990EEF}"
EndProject
Project("{FAE04EC0-301F-11D3-BF4B-00C04F79EFBC}") = "NeedForSpeed", "NeedForSpeed\NeedForSpeed.csproj", "{FED6F81E-23E5-46DC-B89B-0F87894CC18A}"
EndProject
Project("{FAE04EC0-301F-11D3-BF4B-00C04F79EFBC}") = "BeyondTheEdge", "BeyondTheEdge\BeyondTheEdge.csproj", "{F9DC9A50-8EAC-4123-ACB9-9B6B89B96C5B}"
EndProject
Project("{FAE04EC0-301F-11D3-BF4B-00C04F79EFBC}") = "LocationReset", "LocationReset\LocationReset.csproj", "{5839B48D-2903-47E1-99CE-754FEF597DF7}"
EndProject
Project("{FAE04EC0-301F-11D3-BF4B-00C04F79EFBC}") = "IncognitoMode", "IncognitoMode\IncognitoMode.csproj", "{7BDF2320-F171-4843-84B4-95C86CD03E77}"
EndProject
Project("{FAE04EC0-301F-11D3-BF4B-00C04F79EFBC}") = "RememberLocation", "RememberLocation\RememberLocation.csproj", "{2AE6EA17-5F52-4BE1-AF8A-9A87373A4BA9}"
EndProject
Project("{FAE04EC0-301F-11D3-BF4B-00C04F79EFBC}") = "NoPuke", "NoPuke\NoPuke.csproj", "{8E4407DA-E41A-47DF-8AA8-81A55954CE12}"
EndProject
Project("{FAE04EC0-301F-11D3-BF4B-00C04F79EFBC}") = "DeluxeParticles", "DeluxeParticles\DeluxeParticles.csproj", "{2F226E24-FC17-4AB5-B591-5E08CE4448FD}"
EndProject
Project("{FAE04EC0-301F-11D3-BF4B-00C04F79EFBC}") = "FloatingItems", "FloatingItems\FloatingItems.csproj", "{351D4592-2C96-4697-B4AE-AF5FCEBF868B}"
EndProject
Project("{FAE04EC0-301F-11D3-BF4B-00C04F79EFBC}") = "LeviathanReset", "LeviathanReset\LeviathanReset.csproj", "{3FA9C439-008B-4131-AE0A-C1D2F01EA974}"
EndProject
Project("{FAE04EC0-301F-11D3-BF4B-00C04F79EFBC}") = "PathsideAssistance", "PathsideAssistance\PathsideAssistance.csproj", "{FC0132A3-175E-41F5-9E4D-7E9C74401203}"
EndProject
Project("{FAE04EC0-301F-11D3-BF4B-00C04F79EFBC}") = "Scaling", "Scaling\Scaling.csproj", "{DA7A94D9-DD8B-4C13-A7BF-44178396D6DF}"
EndProject
Project("{9A19103F-16F7-4668-BE54-9A1E7A4F7556}") = "ScalingTests", "ScalingTests\ScalingTests.csproj", "{C33B2218-C134-45AA-9153-B6D81CE5217B}"
EndProject
Project("{FAE04EC0-301F-11D3-BF4B-00C04F79EFBC}") = "TempHelp", "TempHelp\TempHelp.csproj", "{C9EC5364-39B7-4551-B291-BEAFE5DA89C4}"
EndProject
Project("{FAE04EC0-301F-11D3-BF4B-00C04F79EFBC}") = "WarmTorches", "WarmTorches\WarmTorches.csproj", "{EAF7A4D5-BA37-42A5-A062-5A1C61ECB64B}"
EndProject
Project("{FAE04EC0-301F-11D3-BF4B-00C04F79EFBC}") = "SeaOfNoodles", "SeaOfNoodles\SeaOfNoodles.csproj", "{1E37799B-5DC2-47AF-B54D-CB432DAECBE8}"
EndProject
Project("{FAE04EC0-301F-11D3-BF4B-00C04F79EFBC}") = "NoGrass", "NoGrass\NoGrass.csproj", "{51734AFC-6E30-4F21-9232-9B0190E81067}"
EndProject
Global
	GlobalSection(SolutionConfigurationPlatforms) = preSolution
		Debug|Any CPU = Debug|Any CPU
		Release|Any CPU = Release|Any CPU
	EndGlobalSection
	GlobalSection(ProjectConfigurationPlatforms) = postSolution
		{C7C3AE76-5385-4FCC-B89C-88205DFE26C7}.Debug|Any CPU.ActiveCfg = Debug|Any CPU
		{C7C3AE76-5385-4FCC-B89C-88205DFE26C7}.Debug|Any CPU.Build.0 = Debug|Any CPU
		{C7C3AE76-5385-4FCC-B89C-88205DFE26C7}.Release|Any CPU.ActiveCfg = Release|Any CPU
		{C7C3AE76-5385-4FCC-B89C-88205DFE26C7}.Release|Any CPU.Build.0 = Release|Any CPU
		{E16C3332-50B4-4DA6-9E8A-A590C4E5CD49}.Debug|Any CPU.ActiveCfg = Debug|Any CPU
		{E16C3332-50B4-4DA6-9E8A-A590C4E5CD49}.Debug|Any CPU.Build.0 = Debug|Any CPU
		{E16C3332-50B4-4DA6-9E8A-A590C4E5CD49}.Release|Any CPU.ActiveCfg = Release|Any CPU
		{E16C3332-50B4-4DA6-9E8A-A590C4E5CD49}.Release|Any CPU.Build.0 = Release|Any CPU
		{D19D40C6-9069-40E0-823D-ACEDD32A7821}.Debug|Any CPU.ActiveCfg = Debug|Any CPU
		{D19D40C6-9069-40E0-823D-ACEDD32A7821}.Debug|Any CPU.Build.0 = Debug|Any CPU
		{D19D40C6-9069-40E0-823D-ACEDD32A7821}.Release|Any CPU.ActiveCfg = Release|Any CPU
		{D19D40C6-9069-40E0-823D-ACEDD32A7821}.Release|Any CPU.Build.0 = Release|Any CPU
		{4DAFB458-BCCC-4956-B374-4B5AFA7F762C}.Debug|Any CPU.ActiveCfg = Debug|Any CPU
		{4DAFB458-BCCC-4956-B374-4B5AFA7F762C}.Debug|Any CPU.Build.0 = Debug|Any CPU
		{4DAFB458-BCCC-4956-B374-4B5AFA7F762C}.Release|Any CPU.ActiveCfg = Release|Any CPU
		{4DAFB458-BCCC-4956-B374-4B5AFA7F762C}.Release|Any CPU.Build.0 = Release|Any CPU
		{18EFA4BF-41BC-4ABE-916B-34F034DD5DCE}.Debug|Any CPU.ActiveCfg = Debug|Any CPU
		{18EFA4BF-41BC-4ABE-916B-34F034DD5DCE}.Debug|Any CPU.Build.0 = Debug|Any CPU
		{18EFA4BF-41BC-4ABE-916B-34F034DD5DCE}.Release|Any CPU.ActiveCfg = Release|Any CPU
		{18EFA4BF-41BC-4ABE-916B-34F034DD5DCE}.Release|Any CPU.Build.0 = Release|Any CPU
		{EED143CE-BC4A-4512-AC7F-DFDF78990EEF}.Debug|Any CPU.ActiveCfg = Debug|Any CPU
		{EED143CE-BC4A-4512-AC7F-DFDF78990EEF}.Debug|Any CPU.Build.0 = Debug|Any CPU
		{EED143CE-BC4A-4512-AC7F-DFDF78990EEF}.Release|Any CPU.ActiveCfg = Release|Any CPU
		{EED143CE-BC4A-4512-AC7F-DFDF78990EEF}.Release|Any CPU.Build.0 = Release|Any CPU
		{FED6F81E-23E5-46DC-B89B-0F87894CC18A}.Debug|Any CPU.ActiveCfg = Debug|Any CPU
		{FED6F81E-23E5-46DC-B89B-0F87894CC18A}.Debug|Any CPU.Build.0 = Debug|Any CPU
		{FED6F81E-23E5-46DC-B89B-0F87894CC18A}.Release|Any CPU.ActiveCfg = Release|Any CPU
		{FED6F81E-23E5-46DC-B89B-0F87894CC18A}.Release|Any CPU.Build.0 = Release|Any CPU
		{F9DC9A50-8EAC-4123-ACB9-9B6B89B96C5B}.Debug|Any CPU.ActiveCfg = Debug|Any CPU
		{F9DC9A50-8EAC-4123-ACB9-9B6B89B96C5B}.Debug|Any CPU.Build.0 = Debug|Any CPU
		{F9DC9A50-8EAC-4123-ACB9-9B6B89B96C5B}.Release|Any CPU.ActiveCfg = Release|Any CPU
		{F9DC9A50-8EAC-4123-ACB9-9B6B89B96C5B}.Release|Any CPU.Build.0 = Release|Any CPU
		{5839B48D-2903-47E1-99CE-754FEF597DF7}.Debug|Any CPU.ActiveCfg = Debug|Any CPU
		{5839B48D-2903-47E1-99CE-754FEF597DF7}.Debug|Any CPU.Build.0 = Debug|Any CPU
		{5839B48D-2903-47E1-99CE-754FEF597DF7}.Release|Any CPU.ActiveCfg = Release|Any CPU
		{5839B48D-2903-47E1-99CE-754FEF597DF7}.Release|Any CPU.Build.0 = Release|Any CPU
		{7BDF2320-F171-4843-84B4-95C86CD03E77}.Debug|Any CPU.ActiveCfg = Debug|Any CPU
		{7BDF2320-F171-4843-84B4-95C86CD03E77}.Debug|Any CPU.Build.0 = Debug|Any CPU
		{7BDF2320-F171-4843-84B4-95C86CD03E77}.Release|Any CPU.ActiveCfg = Release|Any CPU
		{7BDF2320-F171-4843-84B4-95C86CD03E77}.Release|Any CPU.Build.0 = Release|Any CPU
		{2AE6EA17-5F52-4BE1-AF8A-9A87373A4BA9}.Debug|Any CPU.ActiveCfg = Debug|Any CPU
		{2AE6EA17-5F52-4BE1-AF8A-9A87373A4BA9}.Debug|Any CPU.Build.0 = Debug|Any CPU
		{2AE6EA17-5F52-4BE1-AF8A-9A87373A4BA9}.Release|Any CPU.ActiveCfg = Release|Any CPU
		{2AE6EA17-5F52-4BE1-AF8A-9A87373A4BA9}.Release|Any CPU.Build.0 = Release|Any CPU
		{8E4407DA-E41A-47DF-8AA8-81A55954CE12}.Debug|Any CPU.ActiveCfg = Debug|Any CPU
		{8E4407DA-E41A-47DF-8AA8-81A55954CE12}.Debug|Any CPU.Build.0 = Debug|Any CPU
		{8E4407DA-E41A-47DF-8AA8-81A55954CE12}.Release|Any CPU.ActiveCfg = Release|Any CPU
		{8E4407DA-E41A-47DF-8AA8-81A55954CE12}.Release|Any CPU.Build.0 = Release|Any CPU
		{2F226E24-FC17-4AB5-B591-5E08CE4448FD}.Debug|Any CPU.ActiveCfg = Debug|Any CPU
		{2F226E24-FC17-4AB5-B591-5E08CE4448FD}.Debug|Any CPU.Build.0 = Debug|Any CPU
		{2F226E24-FC17-4AB5-B591-5E08CE4448FD}.Release|Any CPU.ActiveCfg = Release|Any CPU
		{2F226E24-FC17-4AB5-B591-5E08CE4448FD}.Release|Any CPU.Build.0 = Release|Any CPU
		{351D4592-2C96-4697-B4AE-AF5FCEBF868B}.Debug|Any CPU.ActiveCfg = Debug|Any CPU
		{351D4592-2C96-4697-B4AE-AF5FCEBF868B}.Debug|Any CPU.Build.0 = Debug|Any CPU
		{351D4592-2C96-4697-B4AE-AF5FCEBF868B}.Release|Any CPU.ActiveCfg = Release|Any CPU
		{351D4592-2C96-4697-B4AE-AF5FCEBF868B}.Release|Any CPU.Build.0 = Release|Any CPU
		{3FA9C439-008B-4131-AE0A-C1D2F01EA974}.Debug|Any CPU.ActiveCfg = Debug|Any CPU
		{3FA9C439-008B-4131-AE0A-C1D2F01EA974}.Debug|Any CPU.Build.0 = Debug|Any CPU
		{3FA9C439-008B-4131-AE0A-C1D2F01EA974}.Release|Any CPU.ActiveCfg = Release|Any CPU
		{3FA9C439-008B-4131-AE0A-C1D2F01EA974}.Release|Any CPU.Build.0 = Release|Any CPU
		{FC0132A3-175E-41F5-9E4D-7E9C74401203}.Debug|Any CPU.ActiveCfg = Debug|Any CPU
		{FC0132A3-175E-41F5-9E4D-7E9C74401203}.Debug|Any CPU.Build.0 = Debug|Any CPU
		{FC0132A3-175E-41F5-9E4D-7E9C74401203}.Release|Any CPU.ActiveCfg = Release|Any CPU
		{FC0132A3-175E-41F5-9E4D-7E9C74401203}.Release|Any CPU.Build.0 = Release|Any CPU
		{DA7A94D9-DD8B-4C13-A7BF-44178396D6DF}.Debug|Any CPU.ActiveCfg = Debug|Any CPU
		{DA7A94D9-DD8B-4C13-A7BF-44178396D6DF}.Debug|Any CPU.Build.0 = Debug|Any CPU
		{DA7A94D9-DD8B-4C13-A7BF-44178396D6DF}.Release|Any CPU.ActiveCfg = Release|Any CPU
		{DA7A94D9-DD8B-4C13-A7BF-44178396D6DF}.Release|Any CPU.Build.0 = Release|Any CPU
		{C33B2218-C134-45AA-9153-B6D81CE5217B}.Debug|Any CPU.ActiveCfg = Debug|Any CPU
		{C33B2218-C134-45AA-9153-B6D81CE5217B}.Debug|Any CPU.Build.0 = Debug|Any CPU
		{C33B2218-C134-45AA-9153-B6D81CE5217B}.Release|Any CPU.ActiveCfg = Release|Any CPU
		{C33B2218-C134-45AA-9153-B6D81CE5217B}.Release|Any CPU.Build.0 = Release|Any CPU
		{C9EC5364-39B7-4551-B291-BEAFE5DA89C4}.Debug|Any CPU.ActiveCfg = Debug|Any CPU
		{C9EC5364-39B7-4551-B291-BEAFE5DA89C4}.Debug|Any CPU.Build.0 = Debug|Any CPU
		{C9EC5364-39B7-4551-B291-BEAFE5DA89C4}.Release|Any CPU.ActiveCfg = Release|Any CPU
		{C9EC5364-39B7-4551-B291-BEAFE5DA89C4}.Release|Any CPU.Build.0 = Release|Any CPU
		{EAF7A4D5-BA37-42A5-A062-5A1C61ECB64B}.Debug|Any CPU.ActiveCfg = Debug|Any CPU
		{EAF7A4D5-BA37-42A5-A062-5A1C61ECB64B}.Debug|Any CPU.Build.0 = Debug|Any CPU
		{EAF7A4D5-BA37-42A5-A062-5A1C61ECB64B}.Release|Any CPU.ActiveCfg = Release|Any CPU
		{EAF7A4D5-BA37-42A5-A062-5A1C61ECB64B}.Release|Any CPU.Build.0 = Release|Any CPU
		{1E37799B-5DC2-47AF-B54D-CB432DAECBE8}.Debug|Any CPU.ActiveCfg = Debug|Any CPU
		{1E37799B-5DC2-47AF-B54D-CB432DAECBE8}.Debug|Any CPU.Build.0 = Debug|Any CPU
		{1E37799B-5DC2-47AF-B54D-CB432DAECBE8}.Release|Any CPU.ActiveCfg = Release|Any CPU
		{1E37799B-5DC2-47AF-B54D-CB432DAECBE8}.Release|Any CPU.Build.0 = Release|Any CPU
		{51734AFC-6E30-4F21-9232-9B0190E81067}.Debug|Any CPU.ActiveCfg = Debug|Any CPU
		{51734AFC-6E30-4F21-9232-9B0190E81067}.Debug|Any CPU.Build.0 = Debug|Any CPU
		{51734AFC-6E30-4F21-9232-9B0190E81067}.Release|Any CPU.ActiveCfg = Release|Any CPU
		{51734AFC-6E30-4F21-9232-9B0190E81067}.Release|Any CPU.Build.0 = Release|Any CPU
	EndGlobalSection
	GlobalSection(SolutionProperties) = preSolution
		HideSolutionNode = FALSE
	EndGlobalSection
	GlobalSection(ExtensibilityGlobals) = postSolution
		SolutionGuid = {76C6D495-93E1-4AFE-A796-6F0B4CF37D52}
	EndGlobalSection
EndGlobal
